
Microsoft Visual Studio Solution File, Format Version 12.00
# Visual Studio Version 17
VisualStudioVersion = 17.9.34728.123
MinimumVisualStudioVersion = 10.0.40219.1
Project("{8BC9CEB8-8B4A-11D0-8D11-00A0C91BC942}") = "02-1-Q1", "02-1-Q1\02-1-Q1.vcxproj", "{74F4F39E-71F7-492D-B627-F41FA22F029E}"
EndProject
Project("{8BC9CEB8-8B4A-11D0-8D11-00A0C91BC942}") = "02-1-Q2", "02-1-Q2\02-1-Q2.vcxproj", "{2F14A4C2-E8A3-441E-A6BC-0CC2FEA4CAC4}"
EndProject
Project("{8BC9CEB8-8B4A-11D0-8D11-00A0C91BC942}") = "02-1-Q3", "02-1-Q3\02-1-Q3.vcxproj", "{FC53B74C-8D66-4217-9409-F5D730764CC0}"
EndProject
Project("{8BC9CEB8-8B4A-11D0-8D11-00A0C91BC942}") = "02-2", "02-2\02-2.vcxproj", "{AB8524D1-8369-4FF9-8482-03B68E944976}"
EndProject
Project("{8BC9CEB8-8B4A-11D0-8D11-00A0C91BC942}") = "02-3", "02-3\02-3.vcxproj", "{6E99804D-D3BB-412C-9800-6594569B5324}"
EndProject
Project("{8BC9CEB8-8B4A-11D0-8D11-00A0C91BC942}") = "02-4-Q1", "02-4-Q1\02-4-Q1.vcxproj", "{868DBF6F-2FF5-444C-A733-879B75B9C351}"
EndProject
Project("{8BC9CEB8-8B4A-11D0-8D11-00A0C91BC942}") = "02-4-Q2", "02-4-Q2\02-4-Q2.vcxproj", "{EC04F642-C3B9-4F5E-9618-89381253B055}"
EndProject
Project("{8BC9CEB8-8B4A-11D0-8D11-00A0C91BC942}") = "03-1", "03-1\03-1.vcxproj", "{140C9A62-7DBA-4E14-B3A3-AC264E034C48}"
EndProject
Global
	GlobalSection(SolutionConfigurationPlatforms) = preSolution
		Debug|x64 = Debug|x64
		Debug|x86 = Debug|x86
		Release|x64 = Release|x64
		Release|x86 = Release|x86
	EndGlobalSection
	GlobalSection(ProjectConfigurationPlatforms) = postSolution
		{74F4F39E-71F7-492D-B627-F41FA22F029E}.Debug|x64.ActiveCfg = Debug|x64
		{74F4F39E-71F7-492D-B627-F41FA22F029E}.Debug|x64.Build.0 = Debug|x64
		{74F4F39E-71F7-492D-B627-F41FA22F029E}.Debug|x86.ActiveCfg = Debug|Win32
		{74F4F39E-71F7-492D-B627-F41FA22F029E}.Debug|x86.Build.0 = Debug|Win32
		{74F4F39E-71F7-492D-B627-F41FA22F029E}.Release|x64.ActiveCfg = Release|x64
		{74F4F39E-71F7-492D-B627-F41FA22F029E}.Release|x64.Build.0 = Release|x64
		{74F4F39E-71F7-492D-B627-F41FA22F029E}.Release|x86.ActiveCfg = Release|Win32
		{74F4F39E-71F7-492D-B627-F41FA22F029E}.Release|x86.Build.0 = Release|Win32
		{2F14A4C2-E8A3-441E-A6BC-0CC2FEA4CAC4}.Debug|x64.ActiveCfg = Debug|x64
		{2F14A4C2-E8A3-441E-A6BC-0CC2FEA4CAC4}.Debug|x64.Build.0 = Debug|x64
		{2F14A4C2-E8A3-441E-A6BC-0CC2FEA4CAC4}.Debug|x86.ActiveCfg = Debug|Win32
		{2F14A4C2-E8A3-441E-A6BC-0CC2FEA4CAC4}.Debug|x86.Build.0 = Debug|Win32
		{2F14A4C2-E8A3-441E-A6BC-0CC2FEA4CAC4}.Release|x64.ActiveCfg = Release|x64
		{2F14A4C2-E8A3-441E-A6BC-0CC2FEA4CAC4}.Release|x64.Build.0 = Release|x64
		{2F14A4C2-E8A3-441E-A6BC-0CC2FEA4CAC4}.Release|x86.ActiveCfg = Release|Win32
		{2F14A4C2-E8A3-441E-A6BC-0CC2FEA4CAC4}.Release|x86.Build.0 = Release|Win32
		{FC53B74C-8D66-4217-9409-F5D730764CC0}.Debug|x64.ActiveCfg = Debug|x64
		{FC53B74C-8D66-4217-9409-F5D730764CC0}.Debug|x64.Build.0 = Debug|x64
		{FC53B74C-8D66-4217-9409-F5D730764CC0}.Debug|x86.ActiveCfg = Debug|Win32
		{FC53B74C-8D66-4217-9409-F5D730764CC0}.Debug|x86.Build.0 = Debug|Win32
		{FC53B74C-8D66-4217-9409-F5D730764CC0}.Release|x64.ActiveCfg = Release|x64
		{FC53B74C-8D66-4217-9409-F5D730764CC0}.Release|x64.Build.0 = Release|x64
		{FC53B74C-8D66-4217-9409-F5D730764CC0}.Release|x86.ActiveCfg = Release|Win32
		{FC53B74C-8D66-4217-9409-F5D730764CC0}.Release|x86.Build.0 = Release|Win32
		{AB8524D1-8369-4FF9-8482-03B68E944976}.Debug|x64.ActiveCfg = Debug|x64
		{AB8524D1-8369-4FF9-8482-03B68E944976}.Debug|x64.Build.0 = Debug|x64
		{AB8524D1-8369-4FF9-8482-03B68E944976}.Debug|x86.ActiveCfg = Debug|Win32
		{AB8524D1-8369-4FF9-8482-03B68E944976}.Debug|x86.Build.0 = Debug|Win32
		{AB8524D1-8369-4FF9-8482-03B68E944976}.Release|x64.ActiveCfg = Release|x64
		{AB8524D1-8369-4FF9-8482-03B68E944976}.Release|x64.Build.0 = Release|x64
		{AB8524D1-8369-4FF9-8482-03B68E944976}.Release|x86.ActiveCfg = Release|Win32
		{AB8524D1-8369-4FF9-8482-03B68E944976}.Release|x86.Build.0 = Release|Win32
		{6E99804D-D3BB-412C-9800-6594569B5324}.Debug|x64.ActiveCfg = Debug|x64
		{6E99804D-D3BB-412C-9800-6594569B5324}.Debug|x64.Build.0 = Debug|x64
		{6E99804D-D3BB-412C-9800-6594569B5324}.Debug|x86.ActiveCfg = Debug|Win32
		{6E99804D-D3BB-412C-9800-6594569B5324}.Debug|x86.Build.0 = Debug|Win32
		{6E99804D-D3BB-412C-9800-6594569B5324}.Release|x64.ActiveCfg = Release|x64
		{6E99804D-D3BB-412C-9800-6594569B5324}.Release|x64.Build.0 = Release|x64
		{6E99804D-D3BB-412C-9800-6594569B5324}.Release|x86.ActiveCfg = Release|Win32
		{6E99804D-D3BB-412C-9800-6594569B5324}.Release|x86.Build.0 = Release|Win32
		{868DBF6F-2FF5-444C-A733-879B75B9C351}.Debug|x64.ActiveCfg = Debug|x64
		{868DBF6F-2FF5-444C-A733-879B75B9C351}.Debug|x64.Build.0 = Debug|x64
		{868DBF6F-2FF5-444C-A733-879B75B9C351}.Debug|x86.ActiveCfg = Debug|Win32
		{868DBF6F-2FF5-444C-A733-879B75B9C351}.Debug|x86.Build.0 = Debug|Win32
		{868DBF6F-2FF5-444C-A733-879B75B9C351}.Release|x64.ActiveCfg = Release|x64
		{868DBF6F-2FF5-444C-A733-879B75B9C351}.Release|x64.Build.0 = Release|x64
		{868DBF6F-2FF5-444C-A733-879B75B9C351}.Release|x86.ActiveCfg = Release|Win32
		{868DBF6F-2FF5-444C-A733-879B75B9C351}.Release|x86.Build.0 = Release|Win32
		{EC04F642-C3B9-4F5E-9618-89381253B055}.Debug|x64.ActiveCfg = Debug|x64
		{EC04F642-C3B9-4F5E-9618-89381253B055}.Debug|x64.Build.0 = Debug|x64
		{EC04F642-C3B9-4F5E-9618-89381253B055}.Debug|x86.ActiveCfg = Debug|Win32
		{EC04F642-C3B9-4F5E-9618-89381253B055}.Debug|x86.Build.0 = Debug|Win32
		{EC04F642-C3B9-4F5E-9618-89381253B055}.Release|x64.ActiveCfg = Release|x64
		{EC04F642-C3B9-4F5E-9618-89381253B055}.Release|x64.Build.0 = Release|x64
		{EC04F642-C3B9-4F5E-9618-89381253B055}.Release|x86.ActiveCfg = Release|Win32
		{EC04F642-C3B9-4F5E-9618-89381253B055}.Release|x86.Build.0 = Release|Win32
		{140C9A62-7DBA-4E14-B3A3-AC264E034C48}.Debug|x64.ActiveCfg = Debug|x64
		{140C9A62-7DBA-4E14-B3A3-AC264E034C48}.Debug|x64.Build.0 = Debug|x64
		{140C9A62-7DBA-4E14-B3A3-AC264E034C48}.Debug|x86.ActiveCfg = Debug|Win32
		{140C9A62-7DBA-4E14-B3A3-AC264E034C48}.Debug|x86.Build.0 = Debug|Win32
		{140C9A62-7DBA-4E14-B3A3-AC264E034C48}.Release|x64.ActiveCfg = Release|x64
		{140C9A62-7DBA-4E14-B3A3-AC264E034C48}.Release|x64.Build.0 = Release|x64
		{140C9A62-7DBA-4E14-B3A3-AC264E034C48}.Release|x86.ActiveCfg = Release|Win32
		{140C9A62-7DBA-4E14-B3A3-AC264E034C48}.Release|x86.Build.0 = Release|Win32
	EndGlobalSection
	GlobalSection(SolutionProperties) = preSolution
		HideSolutionNode = FALSE
	EndGlobalSection
	GlobalSection(ExtensibilityGlobals) = postSolution
		SolutionGuid = {2A192A74-0D5C-4EBD-B798-676E94B69749}
	EndGlobalSection
EndGlobal
